
Microsoft Visual Studio Solution File, Format Version 12.00
# Visual Studio Version 17
VisualStudioVersion = 17.7.34031.279
MinimumVisualStudioVersion = 10.0.40219.1
Project("{9A19103F-16F7-4668-BE54-9A1E7A4F7556}") = "TeamVas.API", "TeamVas.API\TeamVas.API.csproj", "{30B6EF89-DA7C-463E-B722-20FB3BC61C30}"
EndProject
Project("{9A19103F-16F7-4668-BE54-9A1E7A4F7556}") = "TeamVas.BLogic", "TeamVas.BLogic\TeamVas.BLogic.csproj", "{4B28B036-4A1C-4603-90E4-2DA5A35B8783}"
EndProject
Project("{9A19103F-16F7-4668-BE54-9A1E7A4F7556}") = "TeamVas.DAL", "TeamVas.DAL\TeamVas.DAL.csproj", "{5A9F95C3-AC15-4D13-B8F8-214F679A3263}"
EndProject
Project("{9A19103F-16F7-4668-BE54-9A1E7A4F7556}") = "TeamVas.Tests", "TeamVas.Tests\TeamVas.Tests.csproj", "{2B7A856B-9425-46F2-B15C-DFDD2137FE44}"
EndProject
Project("{FAE04EC0-301F-11D3-BF4B-00C04F79EFBC}") = "TeamVas.IntegrationTests", "TeamVas.IntegrationTests\TeamVas.IntegrationTests.csproj", "{7A9A7F4F-D6B4-44FE-85E1-FEA234FC4C74}"
EndProject
Global
	GlobalSection(SolutionConfigurationPlatforms) = preSolution
		Debug|Any CPU = Debug|Any CPU
		Release|Any CPU = Release|Any CPU
	EndGlobalSection
	GlobalSection(ProjectConfigurationPlatforms) = postSolution
		{30B6EF89-DA7C-463E-B722-20FB3BC61C30}.Debug|Any CPU.ActiveCfg = Debug|Any CPU
		{30B6EF89-DA7C-463E-B722-20FB3BC61C30}.Debug|Any CPU.Build.0 = Debug|Any CPU
		{30B6EF89-DA7C-463E-B722-20FB3BC61C30}.Release|Any CPU.ActiveCfg = Release|Any CPU
		{30B6EF89-DA7C-463E-B722-20FB3BC61C30}.Release|Any CPU.Build.0 = Release|Any CPU
		{4B28B036-4A1C-4603-90E4-2DA5A35B8783}.Debug|Any CPU.ActiveCfg = Debug|Any CPU
		{4B28B036-4A1C-4603-90E4-2DA5A35B8783}.Debug|Any CPU.Build.0 = Debug|Any CPU
		{4B28B036-4A1C-4603-90E4-2DA5A35B8783}.Release|Any CPU.ActiveCfg = Release|Any CPU
		{4B28B036-4A1C-4603-90E4-2DA5A35B8783}.Release|Any CPU.Build.0 = Release|Any CPU
		{5A9F95C3-AC15-4D13-B8F8-214F679A3263}.Debug|Any CPU.ActiveCfg = Debug|Any CPU
		{5A9F95C3-AC15-4D13-B8F8-214F679A3263}.Debug|Any CPU.Build.0 = Debug|Any CPU
		{5A9F95C3-AC15-4D13-B8F8-214F679A3263}.Release|Any CPU.ActiveCfg = Release|Any CPU
		{5A9F95C3-AC15-4D13-B8F8-214F679A3263}.Release|Any CPU.Build.0 = Release|Any CPU
		{2B7A856B-9425-46F2-B15C-DFDD2137FE44}.Debug|Any CPU.ActiveCfg = Debug|Any CPU
		{2B7A856B-9425-46F2-B15C-DFDD2137FE44}.Debug|Any CPU.Build.0 = Debug|Any CPU
		{2B7A856B-9425-46F2-B15C-DFDD2137FE44}.Release|Any CPU.ActiveCfg = Release|Any CPU
		{2B7A856B-9425-46F2-B15C-DFDD2137FE44}.Release|Any CPU.Build.0 = Release|Any CPU
		{7A9A7F4F-D6B4-44FE-85E1-FEA234FC4C74}.Debug|Any CPU.ActiveCfg = Debug|Any CPU
		{7A9A7F4F-D6B4-44FE-85E1-FEA234FC4C74}.Debug|Any CPU.Build.0 = Debug|Any CPU
		{7A9A7F4F-D6B4-44FE-85E1-FEA234FC4C74}.Release|Any CPU.ActiveCfg = Release|Any CPU
		{7A9A7F4F-D6B4-44FE-85E1-FEA234FC4C74}.Release|Any CPU.Build.0 = Release|Any CPU
	EndGlobalSection
	GlobalSection(SolutionProperties) = preSolution
		HideSolutionNode = FALSE
	EndGlobalSection
	GlobalSection(ExtensibilityGlobals) = postSolution
		SolutionGuid = {1CD5EC20-189B-4D59-9DCB-6B7CDDDF160A}
	EndGlobalSection
EndGlobal
